
Microsoft Visual Studio Solution File, Format Version 12.00
# Visual Studio Version 18
VisualStudioVersion = 18.6.11822.322 stable
MinimumVisualStudioVersion = 10.0.40219.1
Project("{FAE04EC0-301F-11D3-BF4B-00C04F79EFBC}") = "SuperNumbers", "SuperNumbers.csproj", "{9C7007F7-0C91-1ED3-5458-D5833C09F745}"
EndProject
Global
	GlobalSection(SolutionConfigurationPlatforms) = preSolution
		Debug|Any CPU = Debug|Any CPU
		Release|Any CPU = Release|Any CPU
	EndGlobalSection
	GlobalSection(ProjectConfigurationPlatforms) = postSolution
		{9C7007F7-0C91-1ED3-5458-D5833C09F745}.Debug|Any CPU.ActiveCfg = Debug|Any CPU
		{9C7007F7-0C91-1ED3-5458-D5833C09F745}.Debug|Any CPU.Build.0 = Debug|Any CPU
		{9C7007F7-0C91-1ED3-5458-D5833C09F745}.Release|Any CPU.ActiveCfg = Release|Any CPU
		{9C7007F7-0C91-1ED3-5458-D5833C09F745}.Release|Any CPU.Build.0 = Release|Any CPU
	EndGlobalSection
	GlobalSection(SolutionProperties) = preSolution
		HideSolutionNode = FALSE
	EndGlobalSection
	GlobalSection(ExtensibilityGlobals) = postSolution
		SolutionGuid = {47C036F7-1BC6-4372-B6E0-4BE487E7ED7C}
	EndGlobalSection
EndGlobal
